// !$*UTF8*$!
{
	archiveVersion = 1;
	classes = {
	};
	objectVersion = 56;
	objects = {

/* Begin PBXBuildFile section */
		CA13199D2AEC35EB009F72D4 /* AppDelegate.swift in Sources */ = {isa = PBXBuildFile; fileRef = CA13199C2AEC35EB009F72D4 /* AppDelegate.swift */; };
		CA13199F2AEC35EB009F72D4 /* SceneDelegate.swift in Sources */ = {isa = PBXBuildFile; fileRef = CA13199E2AEC35EB009F72D4 /* SceneDelegate.swift */; };
		CA1319A12AEC35EB009F72D4 /* ViewController.swift in Sources */ = {isa = PBXBuildFile; fileRef = CA1319A02AEC35EB009F72D4 /* ViewController.swift */; };
		CA1319A42AEC35EB009F72D4 /* Main.storyboard in Resources */ = {isa = PBXBuildFile; fileRef = CA1319A22AEC35EB009F72D4 /* Main.storyboard */; };
		CA1319A62AEC35F0009F72D4 /* Assets.xcassets in Resources */ = {isa = PBXBuildFile; fileRef = CA1319A52AEC35F0009F72D4 /* Assets.xcassets */; };
		CA1319A92AEC35F0009F72D4 /* LaunchScreen.storyboard in Resources */ = {isa = PBXBuildFile; fileRef = CA1319A72AEC35F0009F72D4 /* LaunchScreen.storyboard */; };
		CA1319B42AEC35F1009F72D4 /* I_am_RichTests.swift in Sources */ = {isa = PBXBuildFile; fileRef = CA1319B32AEC35F1009F72D4 /* I_am_RichTests.swift */; };
		CA1319BE2AEC35F1009F72D4 /* I_am_RichUITests.swift in Sources */ = {isa = PBXBuildFile; fileRef = CA1319BD2AEC35F1009F72D4 /* I_am_RichUITests.swift */; };
		CA1319C02AEC35F1009F72D4 /* I_am_RichUITestsLaunchTests.swift in Sources */ = {isa = PBXBuildFile; fileRef = CA1319BF2AEC35F1009F72D4 /* I_am_RichUITestsLaunchTests.swift */; };
/* End PBXBuildFile section */

/* Begin PBXContainerItemProxy section */
		CA1319B02AEC35F1009F72D4 /* PBXContainerItemProxy */ = {
			isa = PBXContainerItemProxy;
			containerPortal = CA1319912AEC35EA009F72D4 /* Project object */;
			proxyType = 1;
			remoteGlobalIDString = CA1319982AEC35EB009F72D4;
			remoteInfo = "I am Rich";
		};
		CA1319BA2AEC35F1009F72D4 /* PBXContainerItemProxy */ = {
			isa = PBXContainerItemProxy;
			containerPortal = CA1319912AEC35EA009F72D4 /* Project object */;
			proxyType = 1;
			remoteGlobalIDString = CA1319982AEC35EB009F72D4;
			remoteInfo = "I am Rich";
		};
/* End PBXContainerItemProxy section */

/* Begin PBXFileReference section */
		CA1319992AEC35EB009F72D4 /* I am Rich.app */ = {isa = PBXFileReference; explicitFileType = wrapper.application; includeInIndex = 0; path = "I am Rich.app"; sourceTree = BUILT_PRODUCTS_DIR; };
		CA13199C2AEC35EB009F72D4 /* AppDelegate.swift */ = {isa = PBXFileReference; lastKnownFileType = sourcecode.swift; path = AppDelegate.swift; sourceTree = "<group>"; };
		CA13199E2AEC35EB009F72D4 /* SceneDelegate.swift */ = {isa = PBXFileReference; lastKnownFileType = sourcecode.swift; path = SceneDelegate.swift; sourceTree = "<group>"; };
		CA1319A02AEC35EB009F72D4 /* ViewController.swift */ = {isa = PBXFileReference; lastKnownFileType = sourcecode.swift; path = ViewController.swift; sourceTree = "<group>"; };
		CA1319A32AEC35EB009F72D4 /* Base */ = {isa = PBXFileReference; lastKnownFileType = file.storyboard; name = Base; path = Base.lproj/Main.storyboard; sourceTree = "<group>"; };
		CA1319A52AEC35F0009F72D4 /* Assets.xcassets */ = {isa = PBXFileReference; lastKnownFileType = folder.assetcatalog; path = Assets.xcassets; sourceTree = "<group>"; };
		CA1319A82AEC35F0009F72D4 /* Base */ = {isa = PBXFileReference; lastKnownFileType = file.storyboard; name = Base; path = Base.lproj/LaunchScreen.storyboard; sourceTree = "<group>"; };
		CA1319AA2AEC35F0009F72D4 /* Info.plist */ = {isa = PBXFileReference; lastKnownFileType = text.plist.xml; path = Info.plist; sourceTree = "<group>"; };
		CA1319AF2AEC35F1009F72D4 /* I am RichTests.xctest */ = {isa = PBXFileReference; explicitFileType = wrapper.cfbundle; includeInIndex = 0; path = "I am RichTests.xctest"; sourceTree = BUILT_PRODUCTS_DIR; };
		CA1319B32AEC35F1009F72D4 /* I_am_RichTests.swift */ = {isa = PBXFileReference; lastKnownFileType = sourcecode.swift; path = I_am_RichTests.swift; sourceTree = "<group>"; };
		CA1319B92AEC35F1009F72D4 /* I am RichUITests.xctest */ = {isa = PBXFileReference; explicitFileType = wrapper.cfbundle; includeInIndex = 0; path = "I am RichUITests.xctest"; sourceTree = BUILT_PRODUCTS_DIR; };
		CA1319BD2AEC35F1009F72D4 /* I_am_RichUITests.swift */ = {isa = PBXFileReference; lastKnownFileType = sourcecode.swift; path = I_am_RichUITests.swift; sourceTree = "<group>"; };
		CA1319BF2AEC35F1009F72D4 /* I_am_RichUITestsLaunchTests.swift */ = {isa = PBXFileReference; lastKnownFileType = sourcecode.swift; path = I_am_RichUITestsLaunchTests.swift; sourceTree = "<group>"; };
/* End PBXFileReference section */

/* Begin PBXFrameworksBuildPhase section */
		CA1319962AEC35EB009F72D4 /* Frameworks */ = {
			isa = PBXFrameworksBuildPhase;
			buildActionMask = 2147483647;
			files = (
			);
			runOnlyForDeploymentPostprocessing = 0;
		};
		CA1319AC2AEC35F1009F72D4 /* Frameworks */ = {
			isa = PBXFrameworksBuildPhase;
			buildActionMask = 2147483647;
			files = (
			);
			runOnlyForDeploymentPostprocessing = 0;
		};
		CA1319B62AEC35F1009F72D4 /* Frameworks */ = {
			isa = PBXFrameworksBuildPhase;
			buildActionMask = 2147483647;
			files = (
			);
			runOnlyForDeploymentPostprocessing = 0;
		};
/* End PBXFrameworksBuildPhase section */

/* Begin PBXGroup section */
		CA1319902AEC35EA009F72D4 = {
			isa = PBXGroup;
			children = (
				CA13199B2AEC35EB009F72D4 /* I am Rich */,
				CA1319B22AEC35F1009F72D4 /* I am RichTests */,
				CA1319BC2AEC35F1009F72D4 /* I am RichUITests */,
				CA13199A2AEC35EB009F72D4 /* Products */,
			);
			sourceTree = "<group>";
		};
		CA13199A2AEC35EB009F72D4 /* Products */ = {
			isa = PBXGroup;
			children = (
				CA1319992AEC35EB009F72D4 /* I am Rich.app */,
				CA1319AF2AEC35F1009F72D4 /* I am RichTests.xctest */,
				CA1319B92AEC35F1009F72D4 /* I am RichUITests.xctest */,
			);
			name = Products;
			sourceTree = "<group>";
		};
		CA13199B2AEC35EB009F72D4 /* I am Rich */ = {
			isa = PBXGroup;
			children = (
				CA13199C2AEC35EB009F72D4 /* AppDelegate.swift */,
				CA13199E2AEC35EB009F72D4 /* SceneDelegate.swift */,
				CA1319A02AEC35EB009F72D4 /* ViewController.swift */,
				CA1319A22AEC35EB009F72D4 /* Main.storyboard */,
				CA1319A52AEC35F0009F72D4 /* Assets.xcassets */,
				CA1319A72AEC35F0009F72D4 /* LaunchScreen.storyboard */,
				CA1319AA2AEC35F0009F72D4 /* Info.plist */,
			);
			path = "I am Rich";
			sourceTree = "<group>";
		};
		CA1319B22AEC35F1009F72D4 /* I am RichTests */ = {
			isa = PBXGroup;
			children = (
				CA1319B32AEC35F1009F72D4 /* I_am_RichTests.swift */,
			);
			path = "I am RichTests";
			sourceTree = "<group>";
		};
		CA1319BC2AEC35F1009F72D4 /* I am RichUITests */ = {
			isa = PBXGroup;
			children = (
				CA1319BD2AEC35F1009F72D4 /* I_am_RichUITests.swift */,
				CA1319BF2AEC35F1009F72D4 /* I_am_RichUITestsLaunchTests.swift */,
			);
			path = "I am RichUITests";
			sourceTree = "<group>";
		};
/* End PBXGroup section */

/* Begin PBXNativeTarget section */
		CA1319982AEC35EB009F72D4 /* I am Rich */ = {
			isa = PBXNativeTarget;
			buildConfigurationList = CA1319C32AEC35F1009F72D4 /* Build configuration list for PBXNativeTarget "I am Rich" */;
			buildPhases = (
				CA1319952AEC35EB009F72D4 /* Sources */,
				CA1319962AEC35EB009F72D4 /* Frameworks */,
				CA1319972AEC35EB009F72D4 /* Resources */,
			);
			buildRules = (
			);
			dependencies = (
			);
			name = "I am Rich";
			productName = "I am Rich";
			productReference = CA1319992AEC35EB009F72D4 /* I am Rich.app */;
			productType = "com.apple.product-type.application";
		};
		CA1319AE2AEC35F1009F72D4 /* I am RichTests */ = {
			isa = PBXNativeTarget;
			buildConfigurationList = CA1319C62AEC35F1009F72D4 /* Build configuration list for PBXNativeTarget "I am RichTests" */;
			buildPhases = (
				CA1319AB2AEC35F1009F72D4 /* Sources */,
				CA1319AC2AEC35F1009F72D4 /* Frameworks */,
				CA1319AD2AEC35F1009F72D4 /* Resources */,
			);
			buildRules = (
			);
			dependencies = (
				CA1319B12AEC35F1009F72D4 /* PBXTargetDependency */,
			);
			name = "I am RichTests";
			productName = "I am RichTests";
			productReference = CA1319AF2AEC35F1009F72D4 /* I am RichTests.xctest */;
			productType = "com.apple.product-type.bundle.unit-test";
		};
		CA1319B82AEC35F1009F72D4 /* I am RichUITests */ = {
			isa = PBXNativeTarget;
			buildConfigurationList = CA1319C92AEC35F1009F72D4 /* Build configuration list for PBXNativeTarget "I am RichUITests" */;
			buildPhases = (
				CA1319B52AEC35F1009F72D4 /* Sources */,
				CA1319B62AEC35F1009F72D4 /* Frameworks */,
				CA1319B72AEC35F1009F72D4 /* Resources */,
			);
			buildRules = (
			);
			dependencies = (
				CA1319BB2AEC35F1009F72D4 /* PBXTargetDependency */,
			);
			name = "I am RichUITests";
			productName = "I am RichUITests";
			productReference = CA1319B92AEC35F1009F72D4 /* I am RichUITests.xctest */;
			productType = "com.apple.product-type.bundle.ui-testing";
		};
/* End PBXNativeTarget section */

/* Begin PBXProject section */
		CA1319912AEC35EA009F72D4 /* Project object */ = {
			isa = PBXProject;
			attributes = {
				BuildIndependentTargetsInParallel = 1;
				LastSwiftUpdateCheck = 1400;
				LastUpgradeCheck = 1400;
				TargetAttributes = {
					CA1319982AEC35EB009F72D4 = {
						CreatedOnToolsVersion = 14.0;
					};
					CA1319AE2AEC35F1009F72D4 = {
						CreatedOnToolsVersion = 14.0;
						TestTargetID = CA1319982AEC35EB009F72D4;
					};
					CA1319B82AEC35F1009F72D4 = {
						CreatedOnToolsVersion = 14.0;
						TestTargetID = CA1319982AEC35EB009F72D4;
					};
				};
			};
			buildConfigurationList = CA1319942AEC35EA009F72D4 /* Build configuration list for PBXProject "I am Rich" */;
			compatibilityVersion = "Xcode 14.0";
			developmentRegion = en;
			hasScannedForEncodings = 0;
			knownRegions = (
				en,
				Base,
			);
			mainGroup = CA1319902AEC35EA009F72D4;
			productRefGroup = CA13199A2AEC35EB009F72D4 /* Products */;
			projectDirPath = "";
			projectRoot = "";
			targets = (
				CA1319982AEC35EB009F72D4 /* I am Rich */,
				CA1319AE2AEC35F1009F72D4 /* I am RichTests */,
				CA1319B82AEC35F1009F72D4 /* I am RichUITests */,
			);
		};
/* End PBXProject section */

/* Begin PBXResourcesBuildPhase section */
		CA1319972AEC35EB009F72D4 /* Resources */ = {
			isa = PBXResourcesBuildPhase;
			buildActionMask = 2147483647;
			files = (
				CA1319A92AEC35F0009F72D4 /* LaunchScreen.storyboard in Resources */,
				CA1319A62AEC35F0009F72D4 /* Assets.xcassets in Resources */,
				CA1319A42AEC35EB009F72D4 /* Main.storyboard in Resources */,
			);
			runOnlyForDeploymentPostprocessing = 0;
		};
		CA1319AD2AEC35F1009F72D4 /* Resources */ = {
			isa = PBXResourcesBuildPhase;
			buildActionMask = 2147483647;
			files = (
			);
			runOnlyForDeploymentPostprocessing = 0;
		};
		CA1319B72AEC35F1009F72D4 /* Resources */ = {
			isa = PBXResourcesBuildPhase;
			buildActionMask = 2147483647;
			files = (
			);
			runOnlyForDeploymentPostprocessing = 0;
		};
/* End PBXResourcesBuildPhase section */

/* Begin PBXSourcesBuildPhase section */
		CA1319952AEC35EB009F72D4 /* Sources */ = {
			isa = PBXSourcesBuildPhase;
			buildActionMask = 2147483647;
			files = (
				CA1319A12AEC35EB009F72D4 /* ViewController.swift in Sources */,
				CA13199D2AEC35EB009F72D4 /* AppDelegate.swift in Sources */,
				CA13199F2AEC35EB009F72D4 /* SceneDelegate.swift in Sources */,
			);
			runOnlyForDeploymentPostprocessing = 0;
		};
		CA1319AB2AEC35F1009F72D4 /* Sources */ = {
			isa = PBXSourcesBuildPhase;
			buildActionMask = 2147483647;
			files = (
				CA1319B42AEC35F1009F72D4 /* I_am_RichTests.swift in Sources */,
			);
			runOnlyForDeploymentPostprocessing = 0;
		};
		CA1319B52AEC35F1009F72D4 /* Sources */ = {
			isa = PBXSourcesBuildPhase;
			buildActionMask = 2147483647;
			files = (
				CA1319C02AEC35F1009F72D4 /* I_am_RichUITestsLaunchTests.swift in Sources */,
				CA1319BE2AEC35F1009F72D4 /* I_am_RichUITests.swift in Sources */,
			);
			runOnlyForDeploymentPostprocessing = 0;
		};
/* End PBXSourcesBuildPhase section */

/* Begin PBXTargetDependency section */
		CA1319B12AEC35F1009F72D4 /* PBXTargetDependency */ = {
			isa = PBXTargetDependency;
			target = CA1319982AEC35EB009F72D4 /* I am Rich */;
			targetProxy = CA1319B02AEC35F1009F72D4 /* PBXContainerItemProxy */;
		};
		CA1319BB2AEC35F1009F72D4 /* PBXTargetDependency */ = {
			isa = PBXTargetDependency;
			target = CA1319982AEC35EB009F72D4 /* I am Rich */;
			targetProxy = CA1319BA2AEC35F1009F72D4 /* PBXContainerItemProxy */;
		};
/* End PBXTargetDependency section */

/* Begin PBXVariantGroup section */
		CA1319A22AEC35EB009F72D4 /* Main.storyboard */ = {
			isa = PBXVariantGroup;
			children = (
				CA1319A32AEC35EB009F72D4 /* Base */,
			);
			name = Main.storyboard;
			sourceTree = "<group>";
		};
		CA1319A72AEC35F0009F72D4 /* LaunchScreen.storyboard */ = {
			isa = PBXVariantGroup;
			children = (
				CA1319A82AEC35F0009F72D4 /* Base */,
			);
			name = LaunchScreen.storyboard;
			sourceTree = "<group>";
		};
/* End PBXVariantGroup section */

/* Begin XCBuildConfiguration section */
		CA1319C12AEC35F1009F72D4 /* Debug */ = {
			isa = XCBuildConfiguration;
			buildSettings = {
				ALWAYS_SEARCH_USER_PATHS = NO;
				CLANG_ANALYZER_NONNULL = YES;
				CLANG_ANALYZER_NUMBER_OBJECT_CONVERSION = YES_AGGRESSIVE;
				CLANG_CXX_LANGUAGE_STANDARD = "gnu++20";
				CLANG_ENABLE_MODULES = YES;
				CLANG_ENABLE_OBJC_ARC = YES;
				CLANG_ENABLE_OBJC_WEAK = YES;
				CLANG_WARN_BLOCK_CAPTURE_AUTORELEASING = YES;
				CLANG_WARN_BOOL_CONVERSION = YES;
				CLANG_WARN_COMMA = YES;
				CLANG_WARN_CONSTANT_CONVERSION = YES;
				CLANG_WARN_DEPRECATED_OBJC_IMPLEMENTATIONS = YES;
				CLANG_WARN_DIRECT_OBJC_ISA_USAGE = YES_ERROR;
				CLANG_WARN_DOCUMENTATION_COMMENTS = YES;
				CLANG_WARN_EMPTY_BODY = YES;
				CLANG_WARN_ENUM_CONVERSION = YES;
				CLANG_WARN_INFINITE_RECURSION = YES;
				CLANG_WARN_INT_CONVERSION = YES;
				CLANG_WARN_NON_LITERAL_NULL_CONVERSION = YES;
				CLANG_WARN_OBJC_IMPLICIT_RETAIN_SELF = YES;
				CLANG_WARN_OBJC_LITERAL_CONVERSION = YES;
				CLANG_WARN_OBJC_ROOT_CLASS = YES_ERROR;
				CLANG_WARN_QUOTED_INCLUDE_IN_FRAMEWORK_HEADER = YES;
				CLANG_WARN_RANGE_LOOP_ANALYSIS = YES;
				CLANG_WARN_STRICT_PROTOTYPES = YES;
				CLANG_WARN_SUSPICIOUS_MOVE = YES;
				CLANG_WARN_UNGUARDED_AVAILABILITY = YES_AGGRESSIVE;
				CLANG_WARN_UNREACHABLE_CODE = YES;
				CLANG_WARN__DUPLICATE_METHOD_MATCH = YES;
				COPY_PHASE_STRIP = NO;
				DEBUG_INFORMATION_FORMAT = dwarf;
				ENABLE_STRICT_OBJC_MSGSEND = YES;
				ENABLE_TESTABILITY = YES;
				GCC_C_LANGUAGE_STANDARD = gnu11;
				GCC_DYNAMIC_NO_PIC = NO;
				GCC_NO_COMMON_BLOCKS = YES;
				GCC_OPTIMIZATION_LEVEL = 0;
				GCC_PREPROCESSOR_DEFINITIONS = (
					"DEBUG=1",
					"$(inherited)",
				);
				GCC_WARN_64_TO_32_BIT_CONVERSION = YES;
				GCC_WARN_ABOUT_RETURN_TYPE = YES_ERROR;
				GCC_WARN_UNDECLARED_SELECTOR = YES;
				GCC_WARN_UNINITIALIZED_AUTOS = YES_AGGRESSIVE;
				GCC_WARN_UNUSED_FUNCTION = YES;
				GCC_WARN_UNUSED_VARIABLE = YES;
				IPHONEOS_DEPLOYMENT_TARGET = 16.0;
				MTL_ENABLE_DEBUG_INFO = INCLUDE_SOURCE;
				MTL_FAST_MATH = YES;
				ONLY_ACTIVE_ARCH = YES;
				SDKROOT = iphoneos;
				SWIFT_ACTIVE_COMPILATION_CONDITIONS = DEBUG;
				SWIFT_OPTIMIZATION_LEVEL = "-Onone";
			};
			name = Debug;
		};
		CA1319C22AEC35F1009F72D4 /* Release */ = {
			isa = XCBuildConfiguration;
			buildSettings = {
				ALWAYS_SEARCH_USER_PATHS = NO;
				CLANG_ANALYZER_NONNULL = YES;
				CLANG_ANALYZER_NUMBER_OBJECT_CONVERSION = YES_AGGRESSIVE;
				CLANG_CXX_LANGUAGE_STANDARD = "gnu++20";
				CLANG_ENABLE_MODULES = YES;
				CLANG_ENABLE_OBJC_ARC = YES;
				CLANG_ENABLE_OBJC_WEAK = YES;
				CLANG_WARN_BLOCK_CAPTURE_AUTORELEASING = YES;
				CLANG_WARN_BOOL_CONVERSION = YES;
				CLANG_WARN_COMMA = YES;
				CLANG_WARN_CONSTANT_CONVERSION = YES;
				CLANG_WARN_DEPRECATED_OBJC_IMPLEMENTATIONS = YES;
				CLANG_WARN_DIRECT_OBJC_ISA_USAGE = YES_ERROR;
				CLANG_WARN_DOCUMENTATION_COMMENTS = YES;
				CLANG_WARN_EMPTY_BODY = YES;
				CLANG_WARN_ENUM_CONVERSION = YES;
				CLANG_WARN_INFINITE_RECURSION = YES;
				CLANG_WARN_INT_CONVERSION = YES;
				CLANG_WARN_NON_LITERAL_NULL_CONVERSION = YES;
				CLANG_WARN_OBJC_IMPLICIT_RETAIN_SELF = YES;
				CLANG_WARN_OBJC_LITERAL_CONVERSION = YES;
				CLANG_WARN_OBJC_ROOT_CLASS = YES_ERROR;
				CLANG_WARN_QUOTED_INCLUDE_IN_FRAMEWORK_HEADER = YES;
				CLANG_WARN_RANGE_LOOP_ANALYSIS = YES;
				CLANG_WARN_STRICT_PROTOTYPES = YES;
				CLANG_WARN_SUSPICIOUS_MOVE = YES;
				CLANG_WARN_UNGUARDED_AVAILABILITY = YES_AGGRESSIVE;
				CLANG_WARN_UNREACHABLE_CODE = YES;
				CLANG_WARN__DUPLICATE_METHOD_MATCH = YES;
				COPY_PHASE_STRIP = NO;
				DEBUG_INFORMATION_FORMAT = "dwarf-with-dsym";
				ENABLE_NS_ASSERTIONS = NO;
				ENABLE_STRICT_OBJC_MSGSEND = YES;
				GCC_C_LANGUAGE_STANDARD = gnu11;
				GCC_NO_COMMON_BLOCKS = YES;
				GCC_WARN_64_TO_32_BIT_CONVERSION = YES;
				GCC_WARN_ABOUT_RETURN_TYPE = YES_ERROR;
				GCC_WARN_UNDECLARED_SELECTOR = YES;
				GCC_WARN_UNINITIALIZED_AUTOS = YES_AGGRESSIVE;
				GCC_WARN_UNUSED_FUNCTION = YES;
				GCC_WARN_UNUSED_VARIABLE = YES;
				IPHONEOS_DEPLOYMENT_TARGET = 16.0;
				MTL_ENABLE_DEBUG_INFO = NO;
				MTL_FAST_MATH = YES;
				SDKROOT = iphoneos;
				SWIFT_COMPILATION_MODE = wholemodule;
				SWIFT_OPTIMIZATION_LEVEL = "-O";
				VALIDATE_PRODUCT = YES;
			};
			name = Release;
		};
		CA1319C42AEC35F1009F72D4 /* Debug */ = {
			isa = XCBuildConfiguration;
			buildSettings = {
				ASSETCATALOG_COMPILER_APPICON_NAME = AppIcon;
				ASSETCATALOG_COMPILER_GLOBAL_ACCENT_COLOR_NAME = AccentColor;
				ASSETCATALOG_COMPILER_INCLUDE_ALL_APPICON_ASSETS = YES;
				CODE_SIGN_STYLE = Automatic;
				CURRENT_PROJECT_VERSION = 1;
				GENERATE_INFOPLIST_FILE = YES;
				INFOPLIST_FILE = "I am Rich/Info.plist";
				INFOPLIST_KEY_UIApplicationSupportsIndirectInputEvents = YES;
				INFOPLIST_KEY_UILaunchStoryboardName = LaunchScreen;
				INFOPLIST_KEY_UIMainStoryboardFile = Main;
				INFOPLIST_KEY_UISupportedInterfaceOrientations_iPad = "UIInterfaceOrientationPortrait UIInterfaceOrientationPortraitUpsideDown UIInterfaceOrientationLandscapeLeft UIInterfaceOrientationLandscapeRight";
				INFOPLIST_KEY_UISupportedInterfaceOrientations_iPhone = "UIInterfaceOrientationPortrait UIInterfaceOrientationLandscapeLeft UIInterfaceOrientationLandscapeRight";
				LD_RUNPATH_SEARCH_PATHS = (
					"$(inherited)",
					"@executable_path/Frameworks",
				);
				MARKETING_VERSION = 1.0;
				PRODUCT_BUNDLE_IDENTIFIER = "com.teknochr.I-am-Rich";
				PRODUCT_NAME = "$(TARGET_NAME)";
				SWIFT_EMIT_LOC_STRINGS = YES;
				SWIFT_VERSION = 5.0;
				TARGETED_DEVICE_FAMILY = "1,2";
			};
			name = Debug;
		};
		CA1319C52AEC35F1009F72D4 /* Release */ = {
			isa = XCBuildConfiguration;
			buildSettings = {
				ASSETCATALOG_COMPILER_APPICON_NAME = AppIcon;
				ASSETCATALOG_COMPILER_GLOBAL_ACCENT_COLOR_NAME = AccentColor;
				ASSETCATALOG_COMPILER_INCLUDE_ALL_APPICON_ASSETS = YES;
				CODE_SIGN_STYLE = Automatic;
				CURRENT_PROJECT_VERSION = 1;
				GENERATE_INFOPLIST_FILE = YES;
				INFOPLIST_FILE = "I am Rich/Info.plist";
				INFOPLIST_KEY_UIApplicationSupportsIndirectInputEvents = YES;
				INFOPLIST_KEY_UILaunchStoryboardName = LaunchScreen;
				INFOPLIST_KEY_UIMainStoryboardFile = Main;
				INFOPLIST_KEY_UISupportedInterfaceOrientations_iPad = "UIInterfaceOrientationPortrait UIInterfaceOrientationPortraitUpsideDown UIInterfaceOrientationLandscapeLeft UIInterfaceOrientationLandscapeRight";
				INFOPLIST_KEY_UISupportedInterfaceOrientations_iPhone = "UIInterfaceOrientationPortrait UIInterfaceOrientationLandscapeLeft UIInterfaceOrientationLandscapeRight";
				LD_RUNPATH_SEARCH_PATHS = (
					"$(inherited)",
					"@executable_path/Frameworks",
				);
				MARKETING_VERSION = 1.0;
				PRODUCT_BUNDLE_IDENTIFIER = "com.teknochr.I-am-Rich";
				PRODUCT_NAME = "$(TARGET_NAME)";
				SWIFT_EMIT_LOC_STRINGS = YES;
				SWIFT_VERSION = 5.0;
				TARGETED_DEVICE_FAMILY = "1,2";
			};
			name = Release;
		};
		CA1319C72AEC35F1009F72D4 /* Debug */ = {
			isa = XCBuildConfiguration;
			buildSettings = {
				ALWAYS_EMBED_SWIFT_STANDARD_LIBRARIES = YES;
				BUNDLE_LOADER = "$(TEST_HOST)";
				CODE_SIGN_STYLE = Automatic;
				CURRENT_PROJECT_VERSION = 1;
				GENERATE_INFOPLIST_FILE = YES;
				IPHONEOS_DEPLOYMENT_TARGET = 16.0;
				MARKETING_VERSION = 1.0;
				PRODUCT_BUNDLE_IDENTIFIER = "com.teknochr.I-am-RichTests";
				PRODUCT_NAME = "$(TARGET_NAME)";
				SWIFT_EMIT_LOC_STRINGS = NO;
				SWIFT_VERSION = 5.0;
				TARGETED_DEVICE_FAMILY = "1,2";
				TEST_HOST = "$(BUILT_PRODUCTS_DIR)/I am Rich.app/$(BUNDLE_EXECUTABLE_FOLDER_PATH)/I am Rich";
			};
			name = Debug;
		};
		CA1319C82AEC35F1009F72D4 /* Release */ = {
			isa = XCBuildConfiguration;
			buildSettings = {
				ALWAYS_EMBED_SWIFT_STANDARD_LIBRARIES = YES;
				BUNDLE_LOADER = "$(TEST_HOST)";
				CODE_SIGN_STYLE = Automatic;
				CURRENT_PROJECT_VERSION = 1;
				GENERATE_INFOPLIST_FILE = YES;
				IPHONEOS_DEPLOYMENT_TARGET = 16.0;
				MARKETING_VERSION = 1.0;
				PRODUCT_BUNDLE_IDENTIFIER = "com.teknochr.I-am-RichTests";
				PRODUCT_NAME = "$(TARGET_NAME)";
				SWIFT_EMIT_LOC_STRINGS = NO;
				SWIFT_VERSION = 5.0;
				TARGETED_DEVICE_FAMILY = "1,2";
				TEST_HOST = "$(BUILT_PRODUCTS_DIR)/I am Rich.app/$(BUNDLE_EXECUTABLE_FOLDER_PATH)/I am Rich";
			};
			name = Release;
		};
		CA1319CA2AEC35F1009F72D4 /* Debug */ = {
			isa = XCBuildConfiguration;
			buildSettings = {
				ALWAYS_EMBED_SWIFT_STANDARD_LIBRARIES = YES;
				CODE_SIGN_STYLE = Automatic;
				CURRENT_PROJECT_VERSION = 1;
				GENERATE_INFOPLIST_FILE = YES;
				MARKETING_VERSION = 1.0;
				PRODUCT_BUNDLE_IDENTIFIER = "com.teknochr.I-am-RichUITests";
				PRODUCT_NAME = "$(TARGET_NAME)";
				SWIFT_EMIT_LOC_STRINGS = NO;
				SWIFT_VERSION = 5.0;
				TARGETED_DEVICE_FAMILY = "1,2";
				TEST_TARGET_NAME = "I am Rich";
			};
			name = Debug;
		};
		CA1319CB2AEC35F1009F72D4 /* Release */ = {
			isa = XCBuildConfiguration;
			buildSettings = {
				ALWAYS_EMBED_SWIFT_STANDARD_LIBRARIES = YES;
				CODE_SIGN_STYLE = Automatic;
				CURRENT_PROJECT_VERSION = 1;
				GENERATE_INFOPLIST_FILE = YES;
				MARKETING_VERSION = 1.0;
				PRODUCT_BUNDLE_IDENTIFIER = "com.teknochr.I-am-RichUITests";
				PRODUCT_NAME = "$(TARGET_NAME)";
				SWIFT_EMIT_LOC_STRINGS = NO;
				SWIFT_VERSION = 5.0;
				TARGETED_DEVICE_FAMILY = "1,2";
				TEST_TARGET_NAME = "I am Rich";
			};
			name = Release;
		};
/* End XCBuildConfiguration section */

/* Begin XCConfigurationList section */
		CA1319942AEC35EA009F72D4 /* Build configuration list for PBXProject "I am Rich" */ = {
			isa = XCConfigurationList;
			buildConfigurations = (
				CA1319C12AEC35F1009F72D4 /* Debug */,
				CA1319C22AEC35F1009F72D4 /* Release */,
			);
			defaultConfigurationIsVisible = 0;
			defaultConfigurationName = Release;
		};
		CA1319C32AEC35F1009F72D4 /* Build configuration list for PBXNativeTarget "I am Rich" */ = {
			isa = XCConfigurationList;
			buildConfigurations = (
				CA1319C42AEC35F1009F72D4 /* Debug */,
				CA1319C52AEC35F1009F72D4 /* Release */,
			);
			defaultConfigurationIsVisible = 0;
			defaultConfigurationName = Release;
		};
		CA1319C62AEC35F1009F72D4 /* Build configuration list for PBXNativeTarget "I am RichTests" */ = {
			isa = XCConfigurationList;
			buildConfigurations = (
				CA1319C72AEC35F1009F72D4 /* Debug */,
				CA1319C82AEC35F1009F72D4 /* Release */,
			);
			defaultConfigurationIsVisible = 0;
			defaultConfigurationName = Release;
		};
		CA1319C92AEC35F1009F72D4 /* Build configuration list for PBXNativeTarget "I am RichUITests" */ = {
			isa = XCConfigurationList;
			buildConfigurations = (
				CA1319CA2AEC35F1009F72D4 /* Debug */,
				CA1319CB2AEC35F1009F72D4 /* Release */,
			);
			defaultConfigurationIsVisible = 0;
			defaultConfigurationName = Release;
		};
/* End XCConfigurationList section */
	};
	rootObject = CA1319912AEC35EA009F72D4 /* Project object */;
}
